
Microsoft Visual Studio Solution File, Format Version 12.00
# Visual Studio Version 17
VisualStudioVersion = 17.7.34031.279
MinimumVisualStudioVersion = 10.0.40219.1
Project("{FAE04EC0-301F-11D3-BF4B-00C04F79EFBC}") = "TableTennis", "TableTennis\TableTennis.csproj", "{293DDCC6-ABBE-4D43-BA0B-CE108D31F17C}"
EndProject
Global
	GlobalSection(SolutionConfigurationPlatforms) = preSolution
		Debug|Any CPU = Debug|Any CPU
		Release|Any CPU = Release|Any CPU
	EndGlobalSection
	GlobalSection(ProjectConfigurationPlatforms) = postSolution
		{293DDCC6-ABBE-4D43-BA0B-CE108D31F17C}.Debug|Any CPU.ActiveCfg = Debug|Any CPU
		{293DDCC6-ABBE-4D43-BA0B-CE108D31F17C}.Debug|Any CPU.Build.0 = Debug|Any CPU
		{293DDCC6-ABBE-4D43-BA0B-CE108D31F17C}.Release|Any CPU.ActiveCfg = Release|Any CPU
		{293DDCC6-ABBE-4D43-BA0B-CE108D31F17C}.Release|Any CPU.Build.0 = Release|Any CPU
	EndGlobalSection
	GlobalSection(SolutionProperties) = preSolution
		HideSolutionNode = FALSE
	EndGlobalSection
	GlobalSection(ExtensibilityGlobals) = postSolution
		SolutionGuid = {1BC55314-E53C-4CEF-8189-20CF25F2F65C}
	EndGlobalSection
EndGlobal
